<Solution>
  <Folder Name="/AdminMenuPlugin/">
    <File Path="AdminMenuPlugin/pcc-admin-date-functions.php" />
    <File Path="AdminMenuPlugin/pcc-admin-menu-plugin.php" />
    <File Path="AdminMenuPlugin/pcc-admin-pms-data.php" />
    <File Path="AdminMenuPlugin/pcc-admin-user-ajax.php" />
    <File Path="AdminMenuPlugin/uninstall.php" />
  </Folder>
  <Folder Name="/RacingReportPlugin/">
    <File Path="RacingFleetReport/pcc-racing-fleet-report.php" />
    <File Path="RacingFleetReport/readme.txt" />
    <File Path="RacingFleetReport/uninstall.php" />
  </Folder>
  <Folder Name="/SubscriptionTotalsPlugin/">
    <File Path="SubscriptionTotalsPlugin/readme.txt" />
    <File Path="SubscriptionTotalsPlugin/subscription-totals-report.php" />
    <File Path="SubscriptionTotalsPlugin/uninstall.php" />
  </Folder>
  <Folder Name="/UserDisplayShortcodePlugin/">
    <File Path="UserDisplayShortcodePlugin/readme.txt" />
    <File Path="UserDisplayShortcodePlugin/uninstall.php" />
    <File Path="UserDisplayShortcodePlugin/user-data-display-shortcode.php" />
  </Folder>
</Solution>
